
Microsoft Visual Studio Solution File, Format Version 12.00
# Visual Studio Version 17
VisualStudioVersion = 17.4.33213.308
MinimumVisualStudioVersion = 10.0.40219.1
Project("{FAE04EC0-301F-11D3-BF4B-00C04F79EFBC}") = "3. el volumen de las figuras geométricas", "3. el volumen de las figuras geométricas.csproj", "{7DB22D4B-F0D7-4883-A204-3DE58BC54246}"
EndProject
Global
	GlobalSection(SolutionConfigurationPlatforms) = preSolution
		Debug|Any CPU = Debug|Any CPU
		Release|Any CPU = Release|Any CPU
	EndGlobalSection
	GlobalSection(ProjectConfigurationPlatforms) = postSolution
		{7DB22D4B-F0D7-4883-A204-3DE58BC54246}.Debug|Any CPU.ActiveCfg = Debug|Any CPU
		{7DB22D4B-F0D7-4883-A204-3DE58BC54246}.Debug|Any CPU.Build.0 = Debug|Any CPU
		{7DB22D4B-F0D7-4883-A204-3DE58BC54246}.Release|Any CPU.ActiveCfg = Release|Any CPU
		{7DB22D4B-F0D7-4883-A204-3DE58BC54246}.Release|Any CPU.Build.0 = Release|Any CPU
	EndGlobalSection
	GlobalSection(SolutionProperties) = preSolution
		HideSolutionNode = FALSE
	EndGlobalSection
	GlobalSection(ExtensibilityGlobals) = postSolution
		SolutionGuid = {FDBE4B6F-B33A-4EB6-BFB3-22A771E5AAF0}
	EndGlobalSection
EndGlobal
